
Microsoft Visual Studio Solution File, Format Version 12.00
# Visual Studio Version 17
VisualStudioVersion = 17.11.35303.130
MinimumVisualStudioVersion = 10.0.40219.1
Project("{FAE04EC0-301F-11D3-BF4B-00C04F79EFBC}") = "algorithms", "algorithms\algorithms.csproj", "{84093638-2A20-4B1E-A721-E51DFB243A9B}"
EndProject
Global
	GlobalSection(SolutionConfigurationPlatforms) = preSolution
		Debug|Any CPU = Debug|Any CPU
		Release|Any CPU = Release|Any CPU
	EndGlobalSection
	GlobalSection(ProjectConfigurationPlatforms) = postSolution
		{84093638-2A20-4B1E-A721-E51DFB243A9B}.Debug|Any CPU.ActiveCfg = Debug|Any CPU
		{84093638-2A20-4B1E-A721-E51DFB243A9B}.Debug|Any CPU.Build.0 = Debug|Any CPU
		{84093638-2A20-4B1E-A721-E51DFB243A9B}.Release|Any CPU.ActiveCfg = Release|Any CPU
		{84093638-2A20-4B1E-A721-E51DFB243A9B}.Release|Any CPU.Build.0 = Release|Any CPU
	EndGlobalSection
	GlobalSection(SolutionProperties) = preSolution
		HideSolutionNode = FALSE
	EndGlobalSection
	GlobalSection(ExtensibilityGlobals) = postSolution
		SolutionGuid = {A99AA6D3-0F1F-4EEA-A166-DCCC67ECF8D5}
	EndGlobalSection
EndGlobal
